
Microsoft Visual Studio Solution File, Format Version 12.00
# Visual Studio Version 17
VisualStudioVersion = 17.5.33516.290
MinimumVisualStudioVersion = 10.0.40219.1
Project("{9A19103F-16F7-4668-BE54-9A1E7A4F7556}") = "PrimaApp", "PrimaApp\PrimaApp.csproj", "{70419974-3E7E-4E8F-A5B9-69F3693635D0}"
EndProject
Project("{9A19103F-16F7-4668-BE54-9A1E7A4F7556}") = "SecondaApp", "SecondaApp\SecondaApp.csproj", "{ED7037DA-F6D9-4AF5-8025-3DE3BA317BF2}"
EndProject
Project("{9A19103F-16F7-4668-BE54-9A1E7A4F7556}") = "TerzaApp", "TerzaApp\TerzaApp.csproj", "{6B35A3A0-AFDF-4A0F-A679-505844356F7F}"
EndProject
Project("{9A19103F-16F7-4668-BE54-9A1E7A4F7556}") = "TrovaFile", "TrovaFile\TrovaFile.csproj", "{E8B75016-E3AE-4028-A0CA-3442E2FC9B3D}"
EndProject
Project("{9A19103F-16F7-4668-BE54-9A1E7A4F7556}") = "QuartaApp", "QuartaApp\QuartaApp.csproj", "{EEE6470F-85ED-4D66-9149-51AF4C971C16}"
EndProject
Project("{9A19103F-16F7-4668-BE54-9A1E7A4F7556}") = "Rubrica", "Rubrica\Rubrica.csproj", "{95D9E7E3-6E31-41BE-B31B-6DCDEDE04013}"
EndProject
Project("{FAE04EC0-301F-11D3-BF4B-00C04F79EFBC}") = "CatalogoInteressi", "CatalogoInteressi\CatalogoInteressi.csproj", "{8D01C1A3-6E8F-418F-B0D7-27AAA7E11B3F}"
EndProject
Project("{FAE04EC0-301F-11D3-BF4B-00C04F79EFBC}") = "RubricaWin", "RubricaWin\RubricaWin.csproj", "{6088E005-F2DB-4FE5-AF0E-B5A256736800}"
EndProject
Global
	GlobalSection(SolutionConfigurationPlatforms) = preSolution
		Debug|Any CPU = Debug|Any CPU
		Release|Any CPU = Release|Any CPU
	EndGlobalSection
	GlobalSection(ProjectConfigurationPlatforms) = postSolution
		{70419974-3E7E-4E8F-A5B9-69F3693635D0}.Debug|Any CPU.ActiveCfg = Debug|Any CPU
		{70419974-3E7E-4E8F-A5B9-69F3693635D0}.Debug|Any CPU.Build.0 = Debug|Any CPU
		{70419974-3E7E-4E8F-A5B9-69F3693635D0}.Release|Any CPU.ActiveCfg = Release|Any CPU
		{70419974-3E7E-4E8F-A5B9-69F3693635D0}.Release|Any CPU.Build.0 = Release|Any CPU
		{ED7037DA-F6D9-4AF5-8025-3DE3BA317BF2}.Debug|Any CPU.ActiveCfg = Debug|Any CPU
		{ED7037DA-F6D9-4AF5-8025-3DE3BA317BF2}.Debug|Any CPU.Build.0 = Debug|Any CPU
		{ED7037DA-F6D9-4AF5-8025-3DE3BA317BF2}.Release|Any CPU.ActiveCfg = Release|Any CPU
		{ED7037DA-F6D9-4AF5-8025-3DE3BA317BF2}.Release|Any CPU.Build.0 = Release|Any CPU
		{6B35A3A0-AFDF-4A0F-A679-505844356F7F}.Debug|Any CPU.ActiveCfg = Debug|Any CPU
		{6B35A3A0-AFDF-4A0F-A679-505844356F7F}.Debug|Any CPU.Build.0 = Debug|Any CPU
		{6B35A3A0-AFDF-4A0F-A679-505844356F7F}.Release|Any CPU.ActiveCfg = Release|Any CPU
		{6B35A3A0-AFDF-4A0F-A679-505844356F7F}.Release|Any CPU.Build.0 = Release|Any CPU
		{E8B75016-E3AE-4028-A0CA-3442E2FC9B3D}.Debug|Any CPU.ActiveCfg = Debug|Any CPU
		{E8B75016-E3AE-4028-A0CA-3442E2FC9B3D}.Debug|Any CPU.Build.0 = Debug|Any CPU
		{E8B75016-E3AE-4028-A0CA-3442E2FC9B3D}.Release|Any CPU.ActiveCfg = Release|Any CPU
		{E8B75016-E3AE-4028-A0CA-3442E2FC9B3D}.Release|Any CPU.Build.0 = Release|Any CPU
		{EEE6470F-85ED-4D66-9149-51AF4C971C16}.Debug|Any CPU.ActiveCfg = Debug|Any CPU
		{EEE6470F-85ED-4D66-9149-51AF4C971C16}.Debug|Any CPU.Build.0 = Debug|Any CPU
		{EEE6470F-85ED-4D66-9149-51AF4C971C16}.Release|Any CPU.ActiveCfg = Release|Any CPU
		{EEE6470F-85ED-4D66-9149-51AF4C971C16}.Release|Any CPU.Build.0 = Release|Any CPU
		{95D9E7E3-6E31-41BE-B31B-6DCDEDE04013}.Debug|Any CPU.ActiveCfg = Debug|Any CPU
		{95D9E7E3-6E31-41BE-B31B-6DCDEDE04013}.Debug|Any CPU.Build.0 = Debug|Any CPU
		{95D9E7E3-6E31-41BE-B31B-6DCDEDE04013}.Release|Any CPU.ActiveCfg = Release|Any CPU
		{95D9E7E3-6E31-41BE-B31B-6DCDEDE04013}.Release|Any CPU.Build.0 = Release|Any CPU
		{8D01C1A3-6E8F-418F-B0D7-27AAA7E11B3F}.Debug|Any CPU.ActiveCfg = Debug|Any CPU
		{8D01C1A3-6E8F-418F-B0D7-27AAA7E11B3F}.Debug|Any CPU.Build.0 = Debug|Any CPU
		{8D01C1A3-6E8F-418F-B0D7-27AAA7E11B3F}.Release|Any CPU.ActiveCfg = Release|Any CPU
		{8D01C1A3-6E8F-418F-B0D7-27AAA7E11B3F}.Release|Any CPU.Build.0 = Release|Any CPU
		{6088E005-F2DB-4FE5-AF0E-B5A256736800}.Debug|Any CPU.ActiveCfg = Debug|Any CPU
		{6088E005-F2DB-4FE5-AF0E-B5A256736800}.Debug|Any CPU.Build.0 = Debug|Any CPU
		{6088E005-F2DB-4FE5-AF0E-B5A256736800}.Release|Any CPU.ActiveCfg = Release|Any CPU
		{6088E005-F2DB-4FE5-AF0E-B5A256736800}.Release|Any CPU.Build.0 = Release|Any CPU
	EndGlobalSection
	GlobalSection(SolutionProperties) = preSolution
		HideSolutionNode = FALSE
	EndGlobalSection
	GlobalSection(ExtensibilityGlobals) = postSolution
		SolutionGuid = {ED468245-3331-4DD0-8BE6-211A90B050E9}
	EndGlobalSection
EndGlobal
