
Microsoft Visual Studio Solution File, Format Version 12.00
# Visual Studio Version 17
VisualStudioVersion = 17.5.33516.290
MinimumVisualStudioVersion = 10.0.40219.1
Project("{FAE04EC0-301F-11D3-BF4B-00C04F79EFBC}") = "PrimaApp", "PrimaApp\PrimaApp.csproj", "{70419974-3E7E-4E8F-A5B9-69F3693635D0}"
EndProject
Global
	GlobalSection(SolutionConfigurationPlatforms) = preSolution
		Debug|Any CPU = Debug|Any CPU
		Release|Any CPU = Release|Any CPU
	EndGlobalSection
	GlobalSection(ProjectConfigurationPlatforms) = postSolution
		{70419974-3E7E-4E8F-A5B9-69F3693635D0}.Debug|Any CPU.ActiveCfg = Debug|Any CPU
		{70419974-3E7E-4E8F-A5B9-69F3693635D0}.Debug|Any CPU.Build.0 = Debug|Any CPU
		{70419974-3E7E-4E8F-A5B9-69F3693635D0}.Release|Any CPU.ActiveCfg = Release|Any CPU
		{70419974-3E7E-4E8F-A5B9-69F3693635D0}.Release|Any CPU.Build.0 = Release|Any CPU
	EndGlobalSection
	GlobalSection(SolutionProperties) = preSolution
		HideSolutionNode = FALSE
	EndGlobalSection
	GlobalSection(ExtensibilityGlobals) = postSolution
		SolutionGuid = {ED468245-3331-4DD0-8BE6-211A90B050E9}
	EndGlobalSection
EndGlobal
